
Microsoft Visual Studio Solution File, Format Version 12.00
# Visual Studio Version 17
VisualStudioVersion = 17.8.34525.116
MinimumVisualStudioVersion = 10.0.40219.1
Project("{FAE04EC0-301F-11D3-BF4B-00C04F79EFBC}") = "L01P02_2021GB650_", "L01P02_2021GB650_.csproj", "{D8ECF10F-5977-4AD1-B027-B22394D49648}"
EndProject
Global
	GlobalSection(SolutionConfigurationPlatforms) = preSolution
		Debug|Any CPU = Debug|Any CPU
		Release|Any CPU = Release|Any CPU
	EndGlobalSection
	GlobalSection(ProjectConfigurationPlatforms) = postSolution
		{D8ECF10F-5977-4AD1-B027-B22394D49648}.Debug|Any CPU.ActiveCfg = Debug|Any CPU
		{D8ECF10F-5977-4AD1-B027-B22394D49648}.Debug|Any CPU.Build.0 = Debug|Any CPU
		{D8ECF10F-5977-4AD1-B027-B22394D49648}.Release|Any CPU.ActiveCfg = Release|Any CPU
		{D8ECF10F-5977-4AD1-B027-B22394D49648}.Release|Any CPU.Build.0 = Release|Any CPU
	EndGlobalSection
	GlobalSection(SolutionProperties) = preSolution
		HideSolutionNode = FALSE
	EndGlobalSection
	GlobalSection(ExtensibilityGlobals) = postSolution
		SolutionGuid = {19394CF9-5203-49F4-A255-0053CCB4B3CB}
	EndGlobalSection
EndGlobal
